
Microsoft Visual Studio Solution File, Format Version 12.00
# Visual Studio 15
VisualStudioVersion = 15.0.33403.129
MinimumVisualStudioVersion = 10.0.40219.1
Project("{FAE04EC0-301F-11D3-BF4B-00C04F79EFBC}") = "GrPhotos", "GrPhotos\GrPhotos.csproj", "{DF79FB01-4D96-4BC6-9EF5-6CB1DF9DDB83}"
EndProject
Global
	GlobalSection(SolutionConfigurationPlatforms) = preSolution
		Debug|Any CPU = Debug|Any CPU
		Release|Any CPU = Release|Any CPU
	EndGlobalSection
	GlobalSection(ProjectConfigurationPlatforms) = postSolution
		{DF79FB01-4D96-4BC6-9EF5-6CB1DF9DDB83}.Debug|Any CPU.ActiveCfg = Debug|Any CPU
		{DF79FB01-4D96-4BC6-9EF5-6CB1DF9DDB83}.Debug|Any CPU.Build.0 = Debug|Any CPU
		{DF79FB01-4D96-4BC6-9EF5-6CB1DF9DDB83}.Release|Any CPU.ActiveCfg = Release|Any CPU
		{DF79FB01-4D96-4BC6-9EF5-6CB1DF9DDB83}.Release|Any CPU.Build.0 = Release|Any CPU
	EndGlobalSection
	GlobalSection(SolutionProperties) = preSolution
		HideSolutionNode = FALSE
	EndGlobalSection
	GlobalSection(ExtensibilityGlobals) = postSolution
		SolutionGuid = {D4DB921C-957D-4410-8030-805C8B8C0D76}
	EndGlobalSection
EndGlobal
